// !$*UTF8*$!
{
	archiveVersion = 1;
	classes = {
	};
	objectVersion = 56;
	objects = {

/* Begin PBXBuildFile section */
		FE11177E29B0C1FA00A12DB5 /* Theme.swift in Sources */ = {isa = PBXBuildFile; fileRef = FE11177D29B0C1FA00A12DB5 /* Theme.swift */; };
		FE11178029B0C31500A12DB5 /* DailyScrum.swift in Sources */ = {isa = PBXBuildFile; fileRef = FE11177F29B0C31500A12DB5 /* DailyScrum.swift */; };
		FE11178229B0C36600A12DB5 /* CardView.swift in Sources */ = {isa = PBXBuildFile; fileRef = FE11178129B0C36600A12DB5 /* CardView.swift */; };
		FE11178429B0C4B700A12DB5 /* TrailingIconLabelStyle.swift in Sources */ = {isa = PBXBuildFile; fileRef = FE11178329B0C4B700A12DB5 /* TrailingIconLabelStyle.swift */; };
		FE11178629B0C70700A12DB5 /* ScrumsView.swift in Sources */ = {isa = PBXBuildFile; fileRef = FE11178529B0C70700A12DB5 /* ScrumsView.swift */; };
		FE11178B29B0CC1E00A12DB5 /* DetailView.swift in Sources */ = {isa = PBXBuildFile; fileRef = FE11178A29B0CC1E00A12DB5 /* DetailView.swift */; };
		FE11178D29B0D37900A12DB5 /* DetailEditView.swift in Sources */ = {isa = PBXBuildFile; fileRef = FE11178C29B0D37900A12DB5 /* DetailEditView.swift */; };
		FE11178F29B0D79E00A12DB5 /* ThemeView.swift in Sources */ = {isa = PBXBuildFile; fileRef = FE11178E29B0D79E00A12DB5 /* ThemeView.swift */; };
		FE11179129B0D87000A12DB5 /* ThemePicker.swift in Sources */ = {isa = PBXBuildFile; fileRef = FE11179029B0D87000A12DB5 /* ThemePicker.swift */; };
		FE11179329B0E37C00A12DB5 /* MeetingHeaderView.swift in Sources */ = {isa = PBXBuildFile; fileRef = FE11179229B0E37C00A12DB5 /* MeetingHeaderView.swift */; };
		FE11179529B0E59B00A12DB5 /* ScrumProgressViewStyle.swift in Sources */ = {isa = PBXBuildFile; fileRef = FE11179429B0E59B00A12DB5 /* ScrumProgressViewStyle.swift */; };
		FE11179829B0E61D00A12DB5 /* ScrumTimerVM.swift in Sources */ = {isa = PBXBuildFile; fileRef = FE11179729B0E61D00A12DB5 /* ScrumTimerVM.swift */; };
		FE11179A29B0E7E800A12DB5 /* MeetingFooterView.swift in Sources */ = {isa = PBXBuildFile; fileRef = FE11179929B0E7E800A12DB5 /* MeetingFooterView.swift */; };
		FE17A5FA29B1D1E200F49B42 /* AVPlayer+Ding.swift in Sources */ = {isa = PBXBuildFile; fileRef = FE17A5F929B1D1E200F49B42 /* AVPlayer+Ding.swift */; };
		FE17A5FD29B1D22800F49B42 /* ding.wav in Resources */ = {isa = PBXBuildFile; fileRef = FE17A5FC29B1D22800F49B42 /* ding.wav */; };
		FE17A5FF29B1D52800F49B42 /* History.swift in Sources */ = {isa = PBXBuildFile; fileRef = FE17A5FE29B1D52800F49B42 /* History.swift */; };
		FE37450129AFC8F300BD509A /* ScrumdingerApp.swift in Sources */ = {isa = PBXBuildFile; fileRef = FE37450029AFC8F300BD509A /* ScrumdingerApp.swift */; };
		FE37450329AFC8F300BD509A /* MeetingView.swift in Sources */ = {isa = PBXBuildFile; fileRef = FE37450229AFC8F300BD509A /* MeetingView.swift */; };
		FE37450529AFC8F300BD509A /* Assets.xcassets in Resources */ = {isa = PBXBuildFile; fileRef = FE37450429AFC8F300BD509A /* Assets.xcassets */; };
		FE37450829AFC8F300BD509A /* Preview Assets.xcassets in Resources */ = {isa = PBXBuildFile; fileRef = FE37450729AFC8F300BD509A /* Preview Assets.xcassets */; };
		FEEF2D7429BC7897004F78DF /* ScrumStore.swift in Sources */ = {isa = PBXBuildFile; fileRef = FEEF2D7329BC7897004F78DF /* ScrumStore.swift */; };
		FEEF2D7629BC82A5004F78DF /* ErrorWrapper.swift in Sources */ = {isa = PBXBuildFile; fileRef = FEEF2D7529BC82A5004F78DF /* ErrorWrapper.swift */; };
		FEEF2D7829BC8316004F78DF /* ErrorView.swift in Sources */ = {isa = PBXBuildFile; fileRef = FEEF2D7729BC8316004F78DF /* ErrorView.swift */; };
		FEEF2D7A29BC85F4004F78DF /* MeetingTimerView.swift in Sources */ = {isa = PBXBuildFile; fileRef = FEEF2D7929BC85F4004F78DF /* MeetingTimerView.swift */; };
		FEEF2D7D29BC86C7004F78DF /* SpeakerArc.swift in Sources */ = {isa = PBXBuildFile; fileRef = FEEF2D7C29BC86C7004F78DF /* SpeakerArc.swift */; };
		FEEF2D7F29BC8AA2004F78DF /* SpeechRecognizer.swift in Sources */ = {isa = PBXBuildFile; fileRef = FEEF2D7E29BC8AA2004F78DF /* SpeechRecognizer.swift */; };
		FEEF2D8129BC8D05004F78DF /* HistoryView.swift in Sources */ = {isa = PBXBuildFile; fileRef = FEEF2D8029BC8D05004F78DF /* HistoryView.swift */; };
/* End PBXBuildFile section */

/* Begin PBXFileReference section */
		FE11177D29B0C1FA00A12DB5 /* Theme.swift */ = {isa = PBXFileReference; lastKnownFileType = sourcecode.swift; path = Theme.swift; sourceTree = "<group>"; };
		FE11177F29B0C31500A12DB5 /* DailyScrum.swift */ = {isa = PBXFileReference; lastKnownFileType = sourcecode.swift; path = DailyScrum.swift; sourceTree = "<group>"; };
		FE11178129B0C36600A12DB5 /* CardView.swift */ = {isa = PBXFileReference; lastKnownFileType = sourcecode.swift; path = CardView.swift; sourceTree = "<group>"; };
		FE11178329B0C4B700A12DB5 /* TrailingIconLabelStyle.swift */ = {isa = PBXFileReference; lastKnownFileType = sourcecode.swift; path = TrailingIconLabelStyle.swift; sourceTree = "<group>"; };
		FE11178529B0C70700A12DB5 /* ScrumsView.swift */ = {isa = PBXFileReference; lastKnownFileType = sourcecode.swift; path = ScrumsView.swift; sourceTree = "<group>"; };
		FE11178A29B0CC1E00A12DB5 /* DetailView.swift */ = {isa = PBXFileReference; lastKnownFileType = sourcecode.swift; path = DetailView.swift; sourceTree = "<group>"; };
		FE11178C29B0D37900A12DB5 /* DetailEditView.swift */ = {isa = PBXFileReference; lastKnownFileType = sourcecode.swift; path = DetailEditView.swift; sourceTree = "<group>"; };
		FE11178E29B0D79E00A12DB5 /* ThemeView.swift */ = {isa = PBXFileReference; lastKnownFileType = sourcecode.swift; path = ThemeView.swift; sourceTree = "<group>"; };
		FE11179029B0D87000A12DB5 /* ThemePicker.swift */ = {isa = PBXFileReference; lastKnownFileType = sourcecode.swift; path = ThemePicker.swift; sourceTree = "<group>"; };
		FE11179229B0E37C00A12DB5 /* MeetingHeaderView.swift */ = {isa = PBXFileReference; lastKnownFileType = sourcecode.swift; path = MeetingHeaderView.swift; sourceTree = "<group>"; };
		FE11179429B0E59B00A12DB5 /* ScrumProgressViewStyle.swift */ = {isa = PBXFileReference; fileEncoding = 4; lastKnownFileType = sourcecode.swift; path = ScrumProgressViewStyle.swift; sourceTree = "<group>"; };
		FE11179729B0E61D00A12DB5 /* ScrumTimerVM.swift */ = {isa = PBXFileReference; lastKnownFileType = sourcecode.swift; path = ScrumTimerVM.swift; sourceTree = "<group>"; };
		FE11179929B0E7E800A12DB5 /* MeetingFooterView.swift */ = {isa = PBXFileReference; lastKnownFileType = sourcecode.swift; path = MeetingFooterView.swift; sourceTree = "<group>"; };
		FE17A5F929B1D1E200F49B42 /* AVPlayer+Ding.swift */ = {isa = PBXFileReference; fileEncoding = 4; lastKnownFileType = sourcecode.swift; path = "AVPlayer+Ding.swift"; sourceTree = "<group>"; };
		FE17A5FC29B1D22800F49B42 /* ding.wav */ = {isa = PBXFileReference; lastKnownFileType = audio.wav; path = ding.wav; sourceTree = "<group>"; };
		FE17A5FE29B1D52800F49B42 /* History.swift */ = {isa = PBXFileReference; lastKnownFileType = sourcecode.swift; path = History.swift; sourceTree = "<group>"; };
		FE3744FD29AFC8F300BD509A /* Scrumdinger.app */ = {isa = PBXFileReference; explicitFileType = wrapper.application; includeInIndex = 0; path = Scrumdinger.app; sourceTree = BUILT_PRODUCTS_DIR; };
		FE37450029AFC8F300BD509A /* ScrumdingerApp.swift */ = {isa = PBXFileReference; lastKnownFileType = sourcecode.swift; path = ScrumdingerApp.swift; sourceTree = "<group>"; };
		FE37450229AFC8F300BD509A /* MeetingView.swift */ = {isa = PBXFileReference; lastKnownFileType = sourcecode.swift; path = MeetingView.swift; sourceTree = "<group>"; };
		FE37450429AFC8F300BD509A /* Assets.xcassets */ = {isa = PBXFileReference; lastKnownFileType = folder.assetcatalog; path = Assets.xcassets; sourceTree = "<group>"; };
		FE37450729AFC8F300BD509A /* Preview Assets.xcassets */ = {isa = PBXFileReference; lastKnownFileType = folder.assetcatalog; path = "Preview Assets.xcassets"; sourceTree = "<group>"; };
		FEEF2D7329BC7897004F78DF /* ScrumStore.swift */ = {isa = PBXFileReference; lastKnownFileType = sourcecode.swift; path = ScrumStore.swift; sourceTree = "<group>"; };
		FEEF2D7529BC82A5004F78DF /* ErrorWrapper.swift */ = {isa = PBXFileReference; lastKnownFileType = sourcecode.swift; path = ErrorWrapper.swift; sourceTree = "<group>"; };
		FEEF2D7729BC8316004F78DF /* ErrorView.swift */ = {isa = PBXFileReference; lastKnownFileType = sourcecode.swift; path = ErrorView.swift; sourceTree = "<group>"; };
		FEEF2D7929BC85F4004F78DF /* MeetingTimerView.swift */ = {isa = PBXFileReference; lastKnownFileType = sourcecode.swift; path = MeetingTimerView.swift; sourceTree = "<group>"; };
		FEEF2D7C29BC86C7004F78DF /* SpeakerArc.swift */ = {isa = PBXFileReference; lastKnownFileType = sourcecode.swift; path = SpeakerArc.swift; sourceTree = "<group>"; };
		FEEF2D7E29BC8AA2004F78DF /* SpeechRecognizer.swift */ = {isa = PBXFileReference; lastKnownFileType = sourcecode.swift; path = SpeechRecognizer.swift; sourceTree = "<group>"; };
		FEEF2D8029BC8D05004F78DF /* HistoryView.swift */ = {isa = PBXFileReference; lastKnownFileType = sourcecode.swift; path = HistoryView.swift; sourceTree = "<group>"; };
/* End PBXFileReference section */

/* Begin PBXFrameworksBuildPhase section */
		FE3744FA29AFC8F300BD509A /* Frameworks */ = {
			isa = PBXFrameworksBuildPhase;
			buildActionMask = 2147483647;
			files = (
			);
			runOnlyForDeploymentPostprocessing = 0;
		};
/* End PBXFrameworksBuildPhase section */

/* Begin PBXGroup section */
		FE11177C29B0C1DF00A12DB5 /* Models */ = {
			isa = PBXGroup;
			children = (
				FE17A5F929B1D1E200F49B42 /* AVPlayer+Ding.swift */,
				FE11179729B0E61D00A12DB5 /* ScrumTimerVM.swift */,
				FE11177D29B0C1FA00A12DB5 /* Theme.swift */,
				FE11177F29B0C31500A12DB5 /* DailyScrum.swift */,
				FE17A5FE29B1D52800F49B42 /* History.swift */,
				FEEF2D7329BC7897004F78DF /* ScrumStore.swift */,
				FEEF2D7529BC82A5004F78DF /* ErrorWrapper.swift */,
				FEEF2D7E29BC8AA2004F78DF /* SpeechRecognizer.swift */,
			);
			path = Models;
			sourceTree = "<group>";
		};
		FE11178729B0CABE00A12DB5 /* Views */ = {
			isa = PBXGroup;
			children = (
				FE11178929B0CAF400A12DB5 /* Scrums */,
				FE37450229AFC8F300BD509A /* MeetingView.swift */,
				FE11179929B0E7E800A12DB5 /* MeetingFooterView.swift */,
				FE11179229B0E37C00A12DB5 /* MeetingHeaderView.swift */,
				FE11178E29B0D79E00A12DB5 /* ThemeView.swift */,
				FE11179029B0D87000A12DB5 /* ThemePicker.swift */,
				FEEF2D7729BC8316004F78DF /* ErrorView.swift */,
				FEEF2D7929BC85F4004F78DF /* MeetingTimerView.swift */,
				FEEF2D8029BC8D05004F78DF /* HistoryView.swift */,
			);
			path = Views;
			sourceTree = "<group>";
		};
		FE11178829B0CADA00A12DB5 /* Styles */ = {
			isa = PBXGroup;
			children = (
				FE11179429B0E59B00A12DB5 /* ScrumProgressViewStyle.swift */,
				FE11178329B0C4B700A12DB5 /* TrailingIconLabelStyle.swift */,
			);
			path = Styles;
			sourceTree = "<group>";
		};
		FE11178929B0CAF400A12DB5 /* Scrums */ = {
			isa = PBXGroup;
			children = (
				FE11178529B0C70700A12DB5 /* ScrumsView.swift */,
				FE11178129B0C36600A12DB5 /* CardView.swift */,
				FE11178A29B0CC1E00A12DB5 /* DetailView.swift */,
				FE11178C29B0D37900A12DB5 /* DetailEditView.swift */,
			);
			path = Scrums;
			sourceTree = "<group>";
		};
		FE11179629B0E60900A12DB5 /* ViewModels */ = {
			isa = PBXGroup;
			children = (
			);
			path = ViewModels;
			sourceTree = "<group>";
		};
		FE17A5FB29B1D22800F49B42 /* Resources */ = {
			isa = PBXGroup;
			children = (
				FE17A5FC29B1D22800F49B42 /* ding.wav */,
			);
			path = Resources;
			sourceTree = "<group>";
		};
		FE3744F429AFC8F300BD509A = {
			isa = PBXGroup;
			children = (
				FE3744FF29AFC8F300BD509A /* Scrumdinger */,
				FE3744FE29AFC8F300BD509A /* Products */,
			);
			sourceTree = "<group>";
		};
		FE3744FE29AFC8F300BD509A /* Products */ = {
			isa = PBXGroup;
			children = (
				FE3744FD29AFC8F300BD509A /* Scrumdinger.app */,
			);
			name = Products;
			sourceTree = "<group>";
		};
		FE3744FF29AFC8F300BD509A /* Scrumdinger */ = {
			isa = PBXGroup;
			children = (
				FEEF2D7B29BC86B9004F78DF /* Shapes */,
				FE17A5FB29B1D22800F49B42 /* Resources */,
				FE11179629B0E60900A12DB5 /* ViewModels */,
				FE11178829B0CADA00A12DB5 /* Styles */,
				FE11177C29B0C1DF00A12DB5 /* Models */,
				FE11178729B0CABE00A12DB5 /* Views */,
				FE37450029AFC8F300BD509A /* ScrumdingerApp.swift */,
				FE37450429AFC8F300BD509A /* Assets.xcassets */,
				FE37450629AFC8F300BD509A /* Preview Content */,
			);
			path = Scrumdinger;
			sourceTree = "<group>";
		};
		FE37450629AFC8F300BD509A /* Preview Content */ = {
			isa = PBXGroup;
			children = (
				FE37450729AFC8F300BD509A /* Preview Assets.xcassets */,
			);
			path = "Preview Content";
			sourceTree = "<group>";
		};
		FEEF2D7B29BC86B9004F78DF /* Shapes */ = {
			isa = PBXGroup;
			children = (
				FEEF2D7C29BC86C7004F78DF /* SpeakerArc.swift */,
			);
			path = Shapes;
			sourceTree = "<group>";
		};
/* End PBXGroup section */

/* Begin PBXNativeTarget section */
		FE3744FC29AFC8F300BD509A /* Scrumdinger */ = {
			isa = PBXNativeTarget;
			buildConfigurationList = FE37450B29AFC8F300BD509A /* Build configuration list for PBXNativeTarget "Scrumdinger" */;
			buildPhases = (
				FE3744F929AFC8F300BD509A /* Sources */,
				FE3744FA29AFC8F300BD509A /* Frameworks */,
				FE3744FB29AFC8F300BD509A /* Resources */,
			);
			buildRules = (
			);
			dependencies = (
			);
			name = Scrumdinger;
			productName = Scrumdinger;
			productReference = FE3744FD29AFC8F300BD509A /* Scrumdinger.app */;
			productType = "com.apple.product-type.application";
		};
/* End PBXNativeTarget section */

/* Begin PBXProject section */
		FE3744F529AFC8F300BD509A /* Project object */ = {
			isa = PBXProject;
			attributes = {
				BuildIndependentTargetsInParallel = 1;
				LastSwiftUpdateCheck = 1420;
				LastUpgradeCheck = 1420;
				TargetAttributes = {
					FE3744FC29AFC8F300BD509A = {
						CreatedOnToolsVersion = 14.2;
					};
				};
			};
			buildConfigurationList = FE3744F829AFC8F300BD509A /* Build configuration list for PBXProject "Scrumdinger" */;
			compatibilityVersion = "Xcode 14.0";
			developmentRegion = en;
			hasScannedForEncodings = 0;
			knownRegions = (
				en,
				Base,
			);
			mainGroup = FE3744F429AFC8F300BD509A;
			productRefGroup = FE3744FE29AFC8F300BD509A /* Products */;
			projectDirPath = "";
			projectRoot = "";
			targets = (
				FE3744FC29AFC8F300BD509A /* Scrumdinger */,
			);
		};
/* End PBXProject section */

/* Begin PBXResourcesBuildPhase section */
		FE3744FB29AFC8F300BD509A /* Resources */ = {
			isa = PBXResourcesBuildPhase;
			buildActionMask = 2147483647;
			files = (
				FE17A5FD29B1D22800F49B42 /* ding.wav in Resources */,
				FE37450829AFC8F300BD509A /* Preview Assets.xcassets in Resources */,
				FE37450529AFC8F300BD509A /* Assets.xcassets in Resources */,
			);
			runOnlyForDeploymentPostprocessing = 0;
		};
/* End PBXResourcesBuildPhase section */

/* Begin PBXSourcesBuildPhase section */
		FE3744F929AFC8F300BD509A /* Sources */ = {
			isa = PBXSourcesBuildPhase;
			buildActionMask = 2147483647;
			files = (
				FE17A5FF29B1D52800F49B42 /* History.swift in Sources */,
				FEEF2D8129BC8D05004F78DF /* HistoryView.swift in Sources */,
				FE11179129B0D87000A12DB5 /* ThemePicker.swift in Sources */,
				FE11179529B0E59B00A12DB5 /* ScrumProgressViewStyle.swift in Sources */,
				FE11179A29B0E7E800A12DB5 /* MeetingFooterView.swift in Sources */,
				FEEF2D7429BC7897004F78DF /* ScrumStore.swift in Sources */,
				FE11178029B0C31500A12DB5 /* DailyScrum.swift in Sources */,
				FE11178B29B0CC1E00A12DB5 /* DetailView.swift in Sources */,
				FE11179329B0E37C00A12DB5 /* MeetingHeaderView.swift in Sources */,
				FE11178D29B0D37900A12DB5 /* DetailEditView.swift in Sources */,
				FEEF2D7A29BC85F4004F78DF /* MeetingTimerView.swift in Sources */,
				FE11178429B0C4B700A12DB5 /* TrailingIconLabelStyle.swift in Sources */,
				FEEF2D7629BC82A5004F78DF /* ErrorWrapper.swift in Sources */,
				FE11177E29B0C1FA00A12DB5 /* Theme.swift in Sources */,
				FE11178629B0C70700A12DB5 /* ScrumsView.swift in Sources */,
				FE37450329AFC8F300BD509A /* MeetingView.swift in Sources */,
				FE37450129AFC8F300BD509A /* ScrumdingerApp.swift in Sources */,
				FEEF2D7F29BC8AA2004F78DF /* SpeechRecognizer.swift in Sources */,
				FEEF2D7829BC8316004F78DF /* ErrorView.swift in Sources */,
				FE11179829B0E61D00A12DB5 /* ScrumTimerVM.swift in Sources */,
				FE11178F29B0D79E00A12DB5 /* ThemeView.swift in Sources */,
				FE11178229B0C36600A12DB5 /* CardView.swift in Sources */,
				FEEF2D7D29BC86C7004F78DF /* SpeakerArc.swift in Sources */,
				FE17A5FA29B1D1E200F49B42 /* AVPlayer+Ding.swift in Sources */,
			);
			runOnlyForDeploymentPostprocessing = 0;
		};
/* End PBXSourcesBuildPhase section */

/* Begin XCBuildConfiguration section */
		FE37450929AFC8F300BD509A /* Debug */ = {
			isa = XCBuildConfiguration;
			buildSettings = {
				ALWAYS_SEARCH_USER_PATHS = NO;
				CLANG_ANALYZER_NONNULL = YES;
				CLANG_ANALYZER_NUMBER_OBJECT_CONVERSION = YES_AGGRESSIVE;
				CLANG_CXX_LANGUAGE_STANDARD = "gnu++20";
				CLANG_ENABLE_MODULES = YES;
				CLANG_ENABLE_OBJC_ARC = YES;
				CLANG_ENABLE_OBJC_WEAK = YES;
				CLANG_WARN_BLOCK_CAPTURE_AUTORELEASING = YES;
				CLANG_WARN_BOOL_CONVERSION = YES;
				CLANG_WARN_COMMA = YES;
				CLANG_WARN_CONSTANT_CONVERSION = YES;
				CLANG_WARN_DEPRECATED_OBJC_IMPLEMENTATIONS = YES;
				CLANG_WARN_DIRECT_OBJC_ISA_USAGE = YES_ERROR;
				CLANG_WARN_DOCUMENTATION_COMMENTS = YES;
				CLANG_WARN_EMPTY_BODY = YES;
				CLANG_WARN_ENUM_CONVERSION = YES;
				CLANG_WARN_INFINITE_RECURSION = YES;
				CLANG_WARN_INT_CONVERSION = YES;
				CLANG_WARN_NON_LITERAL_NULL_CONVERSION = YES;
				CLANG_WARN_OBJC_IMPLICIT_RETAIN_SELF = YES;
				CLANG_WARN_OBJC_LITERAL_CONVERSION = YES;
				CLANG_WARN_OBJC_ROOT_CLASS = YES_ERROR;
				CLANG_WARN_QUOTED_INCLUDE_IN_FRAMEWORK_HEADER = YES;
				CLANG_WARN_RANGE_LOOP_ANALYSIS = YES;
				CLANG_WARN_STRICT_PROTOTYPES = YES;
				CLANG_WARN_SUSPICIOUS_MOVE = YES;
				CLANG_WARN_UNGUARDED_AVAILABILITY = YES_AGGRESSIVE;
				CLANG_WARN_UNREACHABLE_CODE = YES;
				CLANG_WARN__DUPLICATE_METHOD_MATCH = YES;
				COPY_PHASE_STRIP = NO;
				DEBUG_INFORMATION_FORMAT = dwarf;
				ENABLE_STRICT_OBJC_MSGSEND = YES;
				ENABLE_TESTABILITY = YES;
				GCC_C_LANGUAGE_STANDARD = gnu11;
				GCC_DYNAMIC_NO_PIC = NO;
				GCC_NO_COMMON_BLOCKS = YES;
				GCC_OPTIMIZATION_LEVEL = 0;
				GCC_PREPROCESSOR_DEFINITIONS = (
					"DEBUG=1",
					"$(inherited)",
				);
				GCC_WARN_64_TO_32_BIT_CONVERSION = YES;
				GCC_WARN_ABOUT_RETURN_TYPE = YES_ERROR;
				GCC_WARN_UNDECLARED_SELECTOR = YES;
				GCC_WARN_UNINITIALIZED_AUTOS = YES_AGGRESSIVE;
				GCC_WARN_UNUSED_FUNCTION = YES;
				GCC_WARN_UNUSED_VARIABLE = YES;
				IPHONEOS_DEPLOYMENT_TARGET = 16.2;
				MTL_ENABLE_DEBUG_INFO = INCLUDE_SOURCE;
				MTL_FAST_MATH = YES;
				ONLY_ACTIVE_ARCH = YES;
				SDKROOT = iphoneos;
				SWIFT_ACTIVE_COMPILATION_CONDITIONS = DEBUG;
				SWIFT_OPTIMIZATION_LEVEL = "-Onone";
			};
			name = Debug;
		};
		FE37450A29AFC8F300BD509A /* Release */ = {
			isa = XCBuildConfiguration;
			buildSettings = {
				ALWAYS_SEARCH_USER_PATHS = NO;
				CLANG_ANALYZER_NONNULL = YES;
				CLANG_ANALYZER_NUMBER_OBJECT_CONVERSION = YES_AGGRESSIVE;
				CLANG_CXX_LANGUAGE_STANDARD = "gnu++20";
				CLANG_ENABLE_MODULES = YES;
				CLANG_ENABLE_OBJC_ARC = YES;
				CLANG_ENABLE_OBJC_WEAK = YES;
				CLANG_WARN_BLOCK_CAPTURE_AUTORELEASING = YES;
				CLANG_WARN_BOOL_CONVERSION = YES;
				CLANG_WARN_COMMA = YES;
				CLANG_WARN_CONSTANT_CONVERSION = YES;
				CLANG_WARN_DEPRECATED_OBJC_IMPLEMENTATIONS = YES;
				CLANG_WARN_DIRECT_OBJC_ISA_USAGE = YES_ERROR;
				CLANG_WARN_DOCUMENTATION_COMMENTS = YES;
				CLANG_WARN_EMPTY_BODY = YES;
				CLANG_WARN_ENUM_CONVERSION = YES;
				CLANG_WARN_INFINITE_RECURSION = YES;
				CLANG_WARN_INT_CONVERSION = YES;
				CLANG_WARN_NON_LITERAL_NULL_CONVERSION = YES;
				CLANG_WARN_OBJC_IMPLICIT_RETAIN_SELF = YES;
				CLANG_WARN_OBJC_LITERAL_CONVERSION = YES;
				CLANG_WARN_OBJC_ROOT_CLASS = YES_ERROR;
				CLANG_WARN_QUOTED_INCLUDE_IN_FRAMEWORK_HEADER = YES;
				CLANG_WARN_RANGE_LOOP_ANALYSIS = YES;
				CLANG_WARN_STRICT_PROTOTYPES = YES;
				CLANG_WARN_SUSPICIOUS_MOVE = YES;
				CLANG_WARN_UNGUARDED_AVAILABILITY = YES_AGGRESSIVE;
				CLANG_WARN_UNREACHABLE_CODE = YES;
				CLANG_WARN__DUPLICATE_METHOD_MATCH = YES;
				COPY_PHASE_STRIP = NO;
				DEBUG_INFORMATION_FORMAT = "dwarf-with-dsym";
				ENABLE_NS_ASSERTIONS = NO;
				ENABLE_STRICT_OBJC_MSGSEND = YES;
				GCC_C_LANGUAGE_STANDARD = gnu11;
				GCC_NO_COMMON_BLOCKS = YES;
				GCC_WARN_64_TO_32_BIT_CONVERSION = YES;
				GCC_WARN_ABOUT_RETURN_TYPE = YES_ERROR;
				GCC_WARN_UNDECLARED_SELECTOR = YES;
				GCC_WARN_UNINITIALIZED_AUTOS = YES_AGGRESSIVE;
				GCC_WARN_UNUSED_FUNCTION = YES;
				GCC_WARN_UNUSED_VARIABLE = YES;
				IPHONEOS_DEPLOYMENT_TARGET = 16.2;
				MTL_ENABLE_DEBUG_INFO = NO;
				MTL_FAST_MATH = YES;
				SDKROOT = iphoneos;
				SWIFT_COMPILATION_MODE = wholemodule;
				SWIFT_OPTIMIZATION_LEVEL = "-O";
				VALIDATE_PRODUCT = YES;
			};
			name = Release;
		};
		FE37450C29AFC8F300BD509A /* Debug */ = {
			isa = XCBuildConfiguration;
			buildSettings = {
				ASSETCATALOG_COMPILER_APPICON_NAME = AppIcon;
				ASSETCATALOG_COMPILER_GLOBAL_ACCENT_COLOR_NAME = AccentColor;
				CODE_SIGN_STYLE = Automatic;
				CURRENT_PROJECT_VERSION = 1;
				DEVELOPMENT_ASSET_PATHS = "\"Scrumdinger/Preview Content\"";
				DEVELOPMENT_TEAM = Q3N89R8Y92;
				ENABLE_PREVIEWS = YES;
				GENERATE_INFOPLIST_FILE = YES;
				INFOPLIST_KEY_NSSpeechRecognitionUsageDescription = "“Audio is recorded to transcribe the meeting. Audio recordings are discarded after transcription.”";
				INFOPLIST_KEY_UIApplicationSceneManifest_Generation = YES;
				INFOPLIST_KEY_UIApplicationSupportsIndirectInputEvents = YES;
				INFOPLIST_KEY_UILaunchScreen_Generation = YES;
				INFOPLIST_KEY_UISupportedInterfaceOrientations_iPad = "UIInterfaceOrientationPortrait UIInterfaceOrientationPortraitUpsideDown UIInterfaceOrientationLandscapeLeft UIInterfaceOrientationLandscapeRight";
				INFOPLIST_KEY_UISupportedInterfaceOrientations_iPhone = "UIInterfaceOrientationPortrait UIInterfaceOrientationLandscapeLeft UIInterfaceOrientationLandscapeRight";
				LD_RUNPATH_SEARCH_PATHS = (
					"$(inherited)",
					"@executable_path/Frameworks",
				);
				MARKETING_VERSION = 1.0;
				PRODUCT_BUNDLE_IDENTIFIER = haunt.Scrumdinger;
				PRODUCT_NAME = "$(TARGET_NAME)";
				SWIFT_EMIT_LOC_STRINGS = YES;
				SWIFT_VERSION = 5.0;
				TARGETED_DEVICE_FAMILY = "1,2";
			};
			name = Debug;
		};
		FE37450D29AFC8F300BD509A /* Release */ = {
			isa = XCBuildConfiguration;
			buildSettings = {
				ASSETCATALOG_COMPILER_APPICON_NAME = AppIcon;
				ASSETCATALOG_COMPILER_GLOBAL_ACCENT_COLOR_NAME = AccentColor;
				CODE_SIGN_STYLE = Automatic;
				CURRENT_PROJECT_VERSION = 1;
				DEVELOPMENT_ASSET_PATHS = "\"Scrumdinger/Preview Content\"";
				DEVELOPMENT_TEAM = Q3N89R8Y92;
				ENABLE_PREVIEWS = YES;
				GENERATE_INFOPLIST_FILE = YES;
				INFOPLIST_KEY_NSSpeechRecognitionUsageDescription = "“Audio is recorded to transcribe the meeting. Audio recordings are discarded after transcription.”";
				INFOPLIST_KEY_UIApplicationSceneManifest_Generation = YES;
				INFOPLIST_KEY_UIApplicationSupportsIndirectInputEvents = YES;
				INFOPLIST_KEY_UILaunchScreen_Generation = YES;
				INFOPLIST_KEY_UISupportedInterfaceOrientations_iPad = "UIInterfaceOrientationPortrait UIInterfaceOrientationPortraitUpsideDown UIInterfaceOrientationLandscapeLeft UIInterfaceOrientationLandscapeRight";
				INFOPLIST_KEY_UISupportedInterfaceOrientations_iPhone = "UIInterfaceOrientationPortrait UIInterfaceOrientationLandscapeLeft UIInterfaceOrientationLandscapeRight";
				LD_RUNPATH_SEARCH_PATHS = (
					"$(inherited)",
					"@executable_path/Frameworks",
				);
				MARKETING_VERSION = 1.0;
				PRODUCT_BUNDLE_IDENTIFIER = haunt.Scrumdinger;
				PRODUCT_NAME = "$(TARGET_NAME)";
				SWIFT_EMIT_LOC_STRINGS = YES;
				SWIFT_VERSION = 5.0;
				TARGETED_DEVICE_FAMILY = "1,2";
			};
			name = Release;
		};
/* End XCBuildConfiguration section */

/* Begin XCConfigurationList section */
		FE3744F829AFC8F300BD509A /* Build configuration list for PBXProject "Scrumdinger" */ = {
			isa = XCConfigurationList;
			buildConfigurations = (
				FE37450929AFC8F300BD509A /* Debug */,
				FE37450A29AFC8F300BD509A /* Release */,
			);
			defaultConfigurationIsVisible = 0;
			defaultConfigurationName = Release;
		};
		FE37450B29AFC8F300BD509A /* Build configuration list for PBXNativeTarget "Scrumdinger" */ = {
			isa = XCConfigurationList;
			buildConfigurations = (
				FE37450C29AFC8F300BD509A /* Debug */,
				FE37450D29AFC8F300BD509A /* Release */,
			);
			defaultConfigurationIsVisible = 0;
			defaultConfigurationName = Release;
		};
/* End XCConfigurationList section */
	};
	rootObject = FE3744F529AFC8F300BD509A /* Project object */;
}
